
Microsoft Visual Studio Solution File, Format Version 12.00
# Visual Studio 2012
Project("{2150E333-8FDC-42A3-9474-1A3956D46DE8}") = "nuget", "nuget", "{990EE99D-DC21-420F-AD09-8F2248CC7E42}"
	ProjectSection(SolutionItems) = preProject
		nuget\NBoosters.RedisBoost.nuspec = nuget\NBoosters.RedisBoost.nuspec
		nuget\nuget.exe = nuget\nuget.exe
		nuget\nugetpack.cmd = nuget\nugetpack.cmd
	EndProjectSection
EndProject
Project("{FAE04EC0-301F-11D3-BF4B-00C04F79EFBC}") = "NBoosters.RedisBoost", "src\NBoosters.RedisBoost\NBoosters.RedisBoost.csproj", "{6BA81F4C-4424-4FC1-8FAF-A0159C52AE33}"
EndProject
Project("{FAE04EC0-301F-11D3-BF4B-00C04F79EFBC}") = "NBoosters.RedisBoost.Tests", "tests\NBoosters.RedisBoost.Tests\NBoosters.RedisBoost.Tests.csproj", "{F5802D85-C912-440F-B48B-982C2C9B1EB6}"
EndProject
Project("{FAE04EC0-301F-11D3-BF4B-00C04F79EFBC}") = "NBoosters.RedisBoost.ConsoleBenchmark", "tests\NBoosters.RedisBoost.ConsoleBenchmark\NBoosters.RedisBoost.ConsoleBenchmark.csproj", "{4CA84076-FA0C-410F-B04B-CD10D9E8BBFF}"
EndProject
Global
	GlobalSection(SolutionConfigurationPlatforms) = preSolution
		Debug|Any CPU = Debug|Any CPU
		Release|Any CPU = Release|Any CPU
	EndGlobalSection
	GlobalSection(ProjectConfigurationPlatforms) = postSolution
		{6BA81F4C-4424-4FC1-8FAF-A0159C52AE33}.Debug|Any CPU.ActiveCfg = Debug|Any CPU
		{6BA81F4C-4424-4FC1-8FAF-A0159C52AE33}.Debug|Any CPU.Build.0 = Debug|Any CPU
		{6BA81F4C-4424-4FC1-8FAF-A0159C52AE33}.Release|Any CPU.ActiveCfg = Release|Any CPU
		{6BA81F4C-4424-4FC1-8FAF-A0159C52AE33}.Release|Any CPU.Build.0 = Release|Any CPU
		{F5802D85-C912-440F-B48B-982C2C9B1EB6}.Debug|Any CPU.ActiveCfg = Debug|Any CPU
		{F5802D85-C912-440F-B48B-982C2C9B1EB6}.Debug|Any CPU.Build.0 = Debug|Any CPU
		{F5802D85-C912-440F-B48B-982C2C9B1EB6}.Release|Any CPU.ActiveCfg = Release|Any CPU
		{F5802D85-C912-440F-B48B-982C2C9B1EB6}.Release|Any CPU.Build.0 = Release|Any CPU
		{4CA84076-FA0C-410F-B04B-CD10D9E8BBFF}.Debug|Any CPU.ActiveCfg = Debug|Any CPU
		{4CA84076-FA0C-410F-B04B-CD10D9E8BBFF}.Debug|Any CPU.Build.0 = Debug|Any CPU
		{4CA84076-FA0C-410F-B04B-CD10D9E8BBFF}.Release|Any CPU.ActiveCfg = Release|Any CPU
		{4CA84076-FA0C-410F-B04B-CD10D9E8BBFF}.Release|Any CPU.Build.0 = Release|Any CPU
	EndGlobalSection
	GlobalSection(SolutionProperties) = preSolution
		HideSolutionNode = FALSE
	EndGlobalSection
EndGlobal
