
Microsoft Visual Studio Solution File, Format Version 12.00
# Visual Studio 14
VisualStudioVersion = 14.0.25420.1
MinimumVisualStudioVersion = 10.0.40219.1
Project("{2150E333-8FDC-42A3-9474-1A3956D46DE8}") = "src", "src", "{3BF3658A-51DD-42F4-A62A-37A1E82CDA56}"
EndProject
Project("{2150E333-8FDC-42A3-9474-1A3956D46DE8}") = "Solution Items", "Solution Items", "{C538A420-7E44-44A9-A71E-37AA5BD985FA}"
	ProjectSection(SolutionItems) = preProject
		global.json = global.json
	EndProjectSection
EndProject
Project("{8BB2217D-0F2D-49D1-97BC-3654ED321F3B}") = "RedisBoost", "src\RedisBoost\RedisBoost.xproj", "{81EA7D8A-E6F5-4F70-92ED-6C465189594C}"
EndProject
Project("{8BB2217D-0F2D-49D1-97BC-3654ED321F3B}") = "RedisBoost.Cli", "src\RedisBoost.Cli\RedisBoost.Cli.xproj", "{A2C841DE-B268-4FA4-A5FC-A42C8909AA3B}"
EndProject
Project("{8BB2217D-0F2D-49D1-97BC-3654ED321F3B}") = "RedisBoost.Tests", "tests\RedisBoost.Tests\RedisBoost.Tests.xproj", "{C014D8B1-874A-4EFF-A2CE-A64FB7A91677}"
EndProject
Project("{8BB2217D-0F2D-49D1-97BC-3654ED321F3B}") = "RedisBoost.ConsoleBenchmark", "tests\RedisBoost.ConsoleBenchmark\RedisBoost.ConsoleBenchmark.xproj", "{C8495362-A1A5-4EB1-BF35-DEB7F39D3B96}"
EndProject
Global
	GlobalSection(SolutionConfigurationPlatforms) = preSolution
		Debug|Any CPU = Debug|Any CPU
		Release|Any CPU = Release|Any CPU
	EndGlobalSection
	GlobalSection(ProjectConfigurationPlatforms) = postSolution
		{81EA7D8A-E6F5-4F70-92ED-6C465189594C}.Debug|Any CPU.ActiveCfg = Debug|Any CPU
		{81EA7D8A-E6F5-4F70-92ED-6C465189594C}.Debug|Any CPU.Build.0 = Debug|Any CPU
		{81EA7D8A-E6F5-4F70-92ED-6C465189594C}.Release|Any CPU.ActiveCfg = Release|Any CPU
		{81EA7D8A-E6F5-4F70-92ED-6C465189594C}.Release|Any CPU.Build.0 = Release|Any CPU
		{A2C841DE-B268-4FA4-A5FC-A42C8909AA3B}.Debug|Any CPU.ActiveCfg = Debug|Any CPU
		{A2C841DE-B268-4FA4-A5FC-A42C8909AA3B}.Debug|Any CPU.Build.0 = Debug|Any CPU
		{A2C841DE-B268-4FA4-A5FC-A42C8909AA3B}.Release|Any CPU.ActiveCfg = Release|Any CPU
		{A2C841DE-B268-4FA4-A5FC-A42C8909AA3B}.Release|Any CPU.Build.0 = Release|Any CPU
		{C014D8B1-874A-4EFF-A2CE-A64FB7A91677}.Debug|Any CPU.ActiveCfg = Debug|Any CPU
		{C014D8B1-874A-4EFF-A2CE-A64FB7A91677}.Debug|Any CPU.Build.0 = Debug|Any CPU
		{C014D8B1-874A-4EFF-A2CE-A64FB7A91677}.Release|Any CPU.ActiveCfg = Release|Any CPU
		{C014D8B1-874A-4EFF-A2CE-A64FB7A91677}.Release|Any CPU.Build.0 = Release|Any CPU
		{C8495362-A1A5-4EB1-BF35-DEB7F39D3B96}.Debug|Any CPU.ActiveCfg = Debug|Any CPU
		{C8495362-A1A5-4EB1-BF35-DEB7F39D3B96}.Debug|Any CPU.Build.0 = Debug|Any CPU
		{C8495362-A1A5-4EB1-BF35-DEB7F39D3B96}.Release|Any CPU.ActiveCfg = Release|Any CPU
		{C8495362-A1A5-4EB1-BF35-DEB7F39D3B96}.Release|Any CPU.Build.0 = Release|Any CPU
	EndGlobalSection
	GlobalSection(SolutionProperties) = preSolution
		HideSolutionNode = FALSE
	EndGlobalSection
	GlobalSection(NestedProjects) = preSolution
		{81EA7D8A-E6F5-4F70-92ED-6C465189594C} = {3BF3658A-51DD-42F4-A62A-37A1E82CDA56}
		{A2C841DE-B268-4FA4-A5FC-A42C8909AA3B} = {3BF3658A-51DD-42F4-A62A-37A1E82CDA56}
		{C014D8B1-874A-4EFF-A2CE-A64FB7A91677} = {3BF3658A-51DD-42F4-A62A-37A1E82CDA56}
		{C8495362-A1A5-4EB1-BF35-DEB7F39D3B96} = {3BF3658A-51DD-42F4-A62A-37A1E82CDA56}
	EndGlobalSection
EndGlobal
